// !$*UTF8*$!
{
	archiveVersion = 1;
	classes = {
	};
	objectVersion = 50;
	objects = {

/* Begin PBXBuildFile section */
		F5DA90F3235CCE060058B121 /* AppDelegate.swift in Sources */ = {isa = PBXBuildFile; fileRef = F5DA90F2235CCE060058B121 /* AppDelegate.swift */; };
		F5DA90F5235CCE060058B121 /* ViewController.swift in Sources */ = {isa = PBXBuildFile; fileRef = F5DA90F4235CCE060058B121 /* ViewController.swift */; };
		F5DA90F8235CCE060058B121 /* Main.storyboard in Resources */ = {isa = PBXBuildFile; fileRef = F5DA90F6235CCE060058B121 /* Main.storyboard */; };
		F5DA90FA235CCE080058B121 /* Assets.xcassets in Resources */ = {isa = PBXBuildFile; fileRef = F5DA90F9235CCE080058B121 /* Assets.xcassets */; };
		F5DA90FD235CCE080058B121 /* LaunchScreen.storyboard in Resources */ = {isa = PBXBuildFile; fileRef = F5DA90FB235CCE080058B121 /* LaunchScreen.storyboard */; };
		F5DA9108235CCE080058B121 /* Foody_BiteTests.swift in Sources */ = {isa = PBXBuildFile; fileRef = F5DA9107235CCE080058B121 /* Foody_BiteTests.swift */; };
		F5DA9113235CCE080058B121 /* Foody_BiteUITests.swift in Sources */ = {isa = PBXBuildFile; fileRef = F5DA9112235CCE080058B121 /* Foody_BiteUITests.swift */; };
/* End PBXBuildFile section */

/* Begin PBXContainerItemProxy section */
		F5DA9104235CCE080058B121 /* PBXContainerItemProxy */ = {
			isa = PBXContainerItemProxy;
			containerPortal = F5DA90E7235CCE060058B121 /* Project object */;
			proxyType = 1;
			remoteGlobalIDString = F5DA90EE235CCE060058B121;
			remoteInfo = "Foody Bite";
		};
		F5DA910F235CCE080058B121 /* PBXContainerItemProxy */ = {
			isa = PBXContainerItemProxy;
			containerPortal = F5DA90E7235CCE060058B121 /* Project object */;
			proxyType = 1;
			remoteGlobalIDString = F5DA90EE235CCE060058B121;
			remoteInfo = "Foody Bite";
		};
/* End PBXContainerItemProxy section */

/* Begin PBXFileReference section */
		F5DA90EF235CCE060058B121 /* Foody Bite.app */ = {isa = PBXFileReference; explicitFileType = wrapper.application; includeInIndex = 0; path = "Foody Bite.app"; sourceTree = BUILT_PRODUCTS_DIR; };
		F5DA90F2235CCE060058B121 /* AppDelegate.swift */ = {isa = PBXFileReference; lastKnownFileType = sourcecode.swift; path = AppDelegate.swift; sourceTree = "<group>"; };
		F5DA90F4235CCE060058B121 /* ViewController.swift */ = {isa = PBXFileReference; lastKnownFileType = sourcecode.swift; path = ViewController.swift; sourceTree = "<group>"; };
		F5DA90F7235CCE060058B121 /* Base */ = {isa = PBXFileReference; lastKnownFileType = file.storyboard; name = Base; path = Base.lproj/Main.storyboard; sourceTree = "<group>"; };
		F5DA90F9235CCE080058B121 /* Assets.xcassets */ = {isa = PBXFileReference; lastKnownFileType = folder.assetcatalog; path = Assets.xcassets; sourceTree = "<group>"; };
		F5DA90FC235CCE080058B121 /* Base */ = {isa = PBXFileReference; lastKnownFileType = file.storyboard; name = Base; path = Base.lproj/LaunchScreen.storyboard; sourceTree = "<group>"; };
		F5DA90FE235CCE080058B121 /* Info.plist */ = {isa = PBXFileReference; lastKnownFileType = text.plist.xml; path = Info.plist; sourceTree = "<group>"; };
		F5DA9103235CCE080058B121 /* Foody BiteTests.xctest */ = {isa = PBXFileReference; explicitFileType = wrapper.cfbundle; includeInIndex = 0; path = "Foody BiteTests.xctest"; sourceTree = BUILT_PRODUCTS_DIR; };
		F5DA9107235CCE080058B121 /* Foody_BiteTests.swift */ = {isa = PBXFileReference; lastKnownFileType = sourcecode.swift; path = Foody_BiteTests.swift; sourceTree = "<group>"; };
		F5DA9109235CCE080058B121 /* Info.plist */ = {isa = PBXFileReference; lastKnownFileType = text.plist.xml; path = Info.plist; sourceTree = "<group>"; };
		F5DA910E235CCE080058B121 /* Foody BiteUITests.xctest */ = {isa = PBXFileReference; explicitFileType = wrapper.cfbundle; includeInIndex = 0; path = "Foody BiteUITests.xctest"; sourceTree = BUILT_PRODUCTS_DIR; };
		F5DA9112235CCE080058B121 /* Foody_BiteUITests.swift */ = {isa = PBXFileReference; lastKnownFileType = sourcecode.swift; path = Foody_BiteUITests.swift; sourceTree = "<group>"; };
		F5DA9114235CCE080058B121 /* Info.plist */ = {isa = PBXFileReference; lastKnownFileType = text.plist.xml; path = Info.plist; sourceTree = "<group>"; };
/* End PBXFileReference section */

/* Begin PBXFrameworksBuildPhase section */
		F5DA90EC235CCE060058B121 /* Frameworks */ = {
			isa = PBXFrameworksBuildPhase;
			buildActionMask = 2147483647;
			files = (
			);
			runOnlyForDeploymentPostprocessing = 0;
		};
		F5DA9100235CCE080058B121 /* Frameworks */ = {
			isa = PBXFrameworksBuildPhase;
			buildActionMask = 2147483647;
			files = (
			);
			runOnlyForDeploymentPostprocessing = 0;
		};
		F5DA910B235CCE080058B121 /* Frameworks */ = {
			isa = PBXFrameworksBuildPhase;
			buildActionMask = 2147483647;
			files = (
			);
			runOnlyForDeploymentPostprocessing = 0;
		};
/* End PBXFrameworksBuildPhase section */

/* Begin PBXGroup section */
		F5DA90E6235CCE060058B121 = {
			isa = PBXGroup;
			children = (
				F5DA90F1235CCE060058B121 /* Foody Bite */,
				F5DA9106235CCE080058B121 /* Foody BiteTests */,
				F5DA9111235CCE080058B121 /* Foody BiteUITests */,
				F5DA90F0235CCE060058B121 /* Products */,
			);
			sourceTree = "<group>";
		};
		F5DA90F0235CCE060058B121 /* Products */ = {
			isa = PBXGroup;
			children = (
				F5DA90EF235CCE060058B121 /* Foody Bite.app */,
				F5DA9103235CCE080058B121 /* Foody BiteTests.xctest */,
				F5DA910E235CCE080058B121 /* Foody BiteUITests.xctest */,
			);
			name = Products;
			sourceTree = "<group>";
		};
		F5DA90F1235CCE060058B121 /* Foody Bite */ = {
			isa = PBXGroup;
			children = (
				F5DA90F2235CCE060058B121 /* AppDelegate.swift */,
				F5DA90F4235CCE060058B121 /* ViewController.swift */,
				F5DA90F6235CCE060058B121 /* Main.storyboard */,
				F5DA90F9235CCE080058B121 /* Assets.xcassets */,
				F5DA90FB235CCE080058B121 /* LaunchScreen.storyboard */,
				F5DA90FE235CCE080058B121 /* Info.plist */,
			);
			path = "Foody Bite";
			sourceTree = "<group>";
		};
		F5DA9106235CCE080058B121 /* Foody BiteTests */ = {
			isa = PBXGroup;
			children = (
				F5DA9107235CCE080058B121 /* Foody_BiteTests.swift */,
				F5DA9109235CCE080058B121 /* Info.plist */,
			);
			path = "Foody BiteTests";
			sourceTree = "<group>";
		};
		F5DA9111235CCE080058B121 /* Foody BiteUITests */ = {
			isa = PBXGroup;
			children = (
				F5DA9112235CCE080058B121 /* Foody_BiteUITests.swift */,
				F5DA9114235CCE080058B121 /* Info.plist */,
			);
			path = "Foody BiteUITests";
			sourceTree = "<group>";
		};
/* End PBXGroup section */

/* Begin PBXNativeTarget section */
		F5DA90EE235CCE060058B121 /* Foody Bite */ = {
			isa = PBXNativeTarget;
			buildConfigurationList = F5DA9117235CCE080058B121 /* Build configuration list for PBXNativeTarget "Foody Bite" */;
			buildPhases = (
				F5DA90EB235CCE060058B121 /* Sources */,
				F5DA90EC235CCE060058B121 /* Frameworks */,
				F5DA90ED235CCE060058B121 /* Resources */,
			);
			buildRules = (
			);
			dependencies = (
			);
			name = "Foody Bite";
			productName = "Foody Bite";
			productReference = F5DA90EF235CCE060058B121 /* Foody Bite.app */;
			productType = "com.apple.product-type.application";
		};
		F5DA9102235CCE080058B121 /* Foody BiteTests */ = {
			isa = PBXNativeTarget;
			buildConfigurationList = F5DA911A235CCE080058B121 /* Build configuration list for PBXNativeTarget "Foody BiteTests" */;
			buildPhases = (
				F5DA90FF235CCE080058B121 /* Sources */,
				F5DA9100235CCE080058B121 /* Frameworks */,
				F5DA9101235CCE080058B121 /* Resources */,
			);
			buildRules = (
			);
			dependencies = (
				F5DA9105235CCE080058B121 /* PBXTargetDependency */,
			);
			name = "Foody BiteTests";
			productName = "Foody BiteTests";
			productReference = F5DA9103235CCE080058B121 /* Foody BiteTests.xctest */;
			productType = "com.apple.product-type.bundle.unit-test";
		};
		F5DA910D235CCE080058B121 /* Foody BiteUITests */ = {
			isa = PBXNativeTarget;
			buildConfigurationList = F5DA911D235CCE080058B121 /* Build configuration list for PBXNativeTarget "Foody BiteUITests" */;
			buildPhases = (
				F5DA910A235CCE080058B121 /* Sources */,
				F5DA910B235CCE080058B121 /* Frameworks */,
				F5DA910C235CCE080058B121 /* Resources */,
			);
			buildRules = (
			);
			dependencies = (
				F5DA9110235CCE080058B121 /* PBXTargetDependency */,
			);
			name = "Foody BiteUITests";
			productName = "Foody BiteUITests";
			productReference = F5DA910E235CCE080058B121 /* Foody BiteUITests.xctest */;
			productType = "com.apple.product-type.bundle.ui-testing";
		};
/* End PBXNativeTarget section */

/* Begin PBXProject section */
		F5DA90E7235CCE060058B121 /* Project object */ = {
			isa = PBXProject;
			attributes = {
				LastSwiftUpdateCheck = 1030;
				LastUpgradeCheck = 1030;
				ORGANIZATIONNAME = "Nguyen Tran";
				TargetAttributes = {
					F5DA90EE235CCE060058B121 = {
						CreatedOnToolsVersion = 10.3;
					};
					F5DA9102235CCE080058B121 = {
						CreatedOnToolsVersion = 10.3;
						TestTargetID = F5DA90EE235CCE060058B121;
					};
					F5DA910D235CCE080058B121 = {
						CreatedOnToolsVersion = 10.3;
						TestTargetID = F5DA90EE235CCE060058B121;
					};
				};
			};
			buildConfigurationList = F5DA90EA235CCE060058B121 /* Build configuration list for PBXProject "Foody Bite" */;
			compatibilityVersion = "Xcode 9.3";
			developmentRegion = en;
			hasScannedForEncodings = 0;
			knownRegions = (
				en,
				Base,
			);
			mainGroup = F5DA90E6235CCE060058B121;
			productRefGroup = F5DA90F0235CCE060058B121 /* Products */;
			projectDirPath = "";
			projectRoot = "";
			targets = (
				F5DA90EE235CCE060058B121 /* Foody Bite */,
				F5DA9102235CCE080058B121 /* Foody BiteTests */,
				F5DA910D235CCE080058B121 /* Foody BiteUITests */,
			);
		};
/* End PBXProject section */

/* Begin PBXResourcesBuildPhase section */
		F5DA90ED235CCE060058B121 /* Resources */ = {
			isa = PBXResourcesBuildPhase;
			buildActionMask = 2147483647;
			files = (
				F5DA90FD235CCE080058B121 /* LaunchScreen.storyboard in Resources */,
				F5DA90FA235CCE080058B121 /* Assets.xcassets in Resources */,
				F5DA90F8235CCE060058B121 /* Main.storyboard in Resources */,
			);
			runOnlyForDeploymentPostprocessing = 0;
		};
		F5DA9101235CCE080058B121 /* Resources */ = {
			isa = PBXResourcesBuildPhase;
			buildActionMask = 2147483647;
			files = (
			);
			runOnlyForDeploymentPostprocessing = 0;
		};
		F5DA910C235CCE080058B121 /* Resources */ = {
			isa = PBXResourcesBuildPhase;
			buildActionMask = 2147483647;
			files = (
			);
			runOnlyForDeploymentPostprocessing = 0;
		};
/* End PBXResourcesBuildPhase section */

/* Begin PBXSourcesBuildPhase section */
		F5DA90EB235CCE060058B121 /* Sources */ = {
			isa = PBXSourcesBuildPhase;
			buildActionMask = 2147483647;
			files = (
				F5DA90F5235CCE060058B121 /* ViewController.swift in Sources */,
				F5DA90F3235CCE060058B121 /* AppDelegate.swift in Sources */,
			);
			runOnlyForDeploymentPostprocessing = 0;
		};
		F5DA90FF235CCE080058B121 /* Sources */ = {
			isa = PBXSourcesBuildPhase;
			buildActionMask = 2147483647;
			files = (
				F5DA9108235CCE080058B121 /* Foody_BiteTests.swift in Sources */,
			);
			runOnlyForDeploymentPostprocessing = 0;
		};
		F5DA910A235CCE080058B121 /* Sources */ = {
			isa = PBXSourcesBuildPhase;
			buildActionMask = 2147483647;
			files = (
				F5DA9113235CCE080058B121 /* Foody_BiteUITests.swift in Sources */,
			);
			runOnlyForDeploymentPostprocessing = 0;
		};
/* End PBXSourcesBuildPhase section */

/* Begin PBXTargetDependency section */
		F5DA9105235CCE080058B121 /* PBXTargetDependency */ = {
			isa = PBXTargetDependency;
			target = F5DA90EE235CCE060058B121 /* Foody Bite */;
			targetProxy = F5DA9104235CCE080058B121 /* PBXContainerItemProxy */;
		};
		F5DA9110235CCE080058B121 /* PBXTargetDependency */ = {
			isa = PBXTargetDependency;
			target = F5DA90EE235CCE060058B121 /* Foody Bite */;
			targetProxy = F5DA910F235CCE080058B121 /* PBXContainerItemProxy */;
		};
/* End PBXTargetDependency section */

/* Begin PBXVariantGroup section */
		F5DA90F6235CCE060058B121 /* Main.storyboard */ = {
			isa = PBXVariantGroup;
			children = (
				F5DA90F7235CCE060058B121 /* Base */,
			);
			name = Main.storyboard;
			sourceTree = "<group>";
		};
		F5DA90FB235CCE080058B121 /* LaunchScreen.storyboard */ = {
			isa = PBXVariantGroup;
			children = (
				F5DA90FC235CCE080058B121 /* Base */,
			);
			name = LaunchScreen.storyboard;
			sourceTree = "<group>";
		};
/* End PBXVariantGroup section */

/* Begin XCBuildConfiguration section */
		F5DA9115235CCE080058B121 /* Debug */ = {
			isa = XCBuildConfiguration;
			buildSettings = {
				ALWAYS_SEARCH_USER_PATHS = NO;
				CLANG_ANALYZER_NONNULL = YES;
				CLANG_ANALYZER_NUMBER_OBJECT_CONVERSION = YES_AGGRESSIVE;
				CLANG_CXX_LANGUAGE_STANDARD = "gnu++14";
				CLANG_CXX_LIBRARY = "libc++";
				CLANG_ENABLE_MODULES = YES;
				CLANG_ENABLE_OBJC_ARC = YES;
				CLANG_ENABLE_OBJC_WEAK = YES;
				CLANG_WARN_BLOCK_CAPTURE_AUTORELEASING = YES;
				CLANG_WARN_BOOL_CONVERSION = YES;
				CLANG_WARN_COMMA = YES;
				CLANG_WARN_CONSTANT_CONVERSION = YES;
				CLANG_WARN_DEPRECATED_OBJC_IMPLEMENTATIONS = YES;
				CLANG_WARN_DIRECT_OBJC_ISA_USAGE = YES_ERROR;
				CLANG_WARN_DOCUMENTATION_COMMENTS = YES;
				CLANG_WARN_EMPTY_BODY = YES;
				CLANG_WARN_ENUM_CONVERSION = YES;
				CLANG_WARN_INFINITE_RECURSION = YES;
				CLANG_WARN_INT_CONVERSION = YES;
				CLANG_WARN_NON_LITERAL_NULL_CONVERSION = YES;
				CLANG_WARN_OBJC_IMPLICIT_RETAIN_SELF = YES;
				CLANG_WARN_OBJC_LITERAL_CONVERSION = YES;
				CLANG_WARN_OBJC_ROOT_CLASS = YES_ERROR;
				CLANG_WARN_RANGE_LOOP_ANALYSIS = YES;
				CLANG_WARN_STRICT_PROTOTYPES = YES;
				CLANG_WARN_SUSPICIOUS_MOVE = YES;
				CLANG_WARN_UNGUARDED_AVAILABILITY = YES_AGGRESSIVE;
				CLANG_WARN_UNREACHABLE_CODE = YES;
				CLANG_WARN__DUPLICATE_METHOD_MATCH = YES;
				CODE_SIGN_IDENTITY = "iPhone Developer";
				COPY_PHASE_STRIP = NO;
				DEBUG_INFORMATION_FORMAT = dwarf;
				ENABLE_STRICT_OBJC_MSGSEND = YES;
				ENABLE_TESTABILITY = YES;
				GCC_C_LANGUAGE_STANDARD = gnu11;
				GCC_DYNAMIC_NO_PIC = NO;
				GCC_NO_COMMON_BLOCKS = YES;
				GCC_OPTIMIZATION_LEVEL = 0;
				GCC_PREPROCESSOR_DEFINITIONS = (
					"DEBUG=1",
					"$(inherited)",
				);
				GCC_WARN_64_TO_32_BIT_CONVERSION = YES;
				GCC_WARN_ABOUT_RETURN_TYPE = YES_ERROR;
				GCC_WARN_UNDECLARED_SELECTOR = YES;
				GCC_WARN_UNINITIALIZED_AUTOS = YES_AGGRESSIVE;
				GCC_WARN_UNUSED_FUNCTION = YES;
				GCC_WARN_UNUSED_VARIABLE = YES;
				IPHONEOS_DEPLOYMENT_TARGET = 12.4;
				MTL_ENABLE_DEBUG_INFO = INCLUDE_SOURCE;
				MTL_FAST_MATH = YES;
				ONLY_ACTIVE_ARCH = YES;
				SDKROOT = iphoneos;
				SWIFT_ACTIVE_COMPILATION_CONDITIONS = DEBUG;
				SWIFT_OPTIMIZATION_LEVEL = "-Onone";
			};
			name = Debug;
		};
		F5DA9116235CCE080058B121 /* Release */ = {
			isa = XCBuildConfiguration;
			buildSettings = {
				ALWAYS_SEARCH_USER_PATHS = NO;
				CLANG_ANALYZER_NONNULL = YES;
				CLANG_ANALYZER_NUMBER_OBJECT_CONVERSION = YES_AGGRESSIVE;
				CLANG_CXX_LANGUAGE_STANDARD = "gnu++14";
				CLANG_CXX_LIBRARY = "libc++";
				CLANG_ENABLE_MODULES = YES;
				CLANG_ENABLE_OBJC_ARC = YES;
				CLANG_ENABLE_OBJC_WEAK = YES;
				CLANG_WARN_BLOCK_CAPTURE_AUTORELEASING = YES;
				CLANG_WARN_BOOL_CONVERSION = YES;
				CLANG_WARN_COMMA = YES;
				CLANG_WARN_CONSTANT_CONVERSION = YES;
				CLANG_WARN_DEPRECATED_OBJC_IMPLEMENTATIONS = YES;
				CLANG_WARN_DIRECT_OBJC_ISA_USAGE = YES_ERROR;
				CLANG_WARN_DOCUMENTATION_COMMENTS = YES;
				CLANG_WARN_EMPTY_BODY = YES;
				CLANG_WARN_ENUM_CONVERSION = YES;
				CLANG_WARN_INFINITE_RECURSION = YES;
				CLANG_WARN_INT_CONVERSION = YES;
				CLANG_WARN_NON_LITERAL_NULL_CONVERSION = YES;
				CLANG_WARN_OBJC_IMPLICIT_RETAIN_SELF = YES;
				CLANG_WARN_OBJC_LITERAL_CONVERSION = YES;
				CLANG_WARN_OBJC_ROOT_CLASS = YES_ERROR;
				CLANG_WARN_RANGE_LOOP_ANALYSIS = YES;
				CLANG_WARN_STRICT_PROTOTYPES = YES;
				CLANG_WARN_SUSPICIOUS_MOVE = YES;
				CLANG_WARN_UNGUARDED_AVAILABILITY = YES_AGGRESSIVE;
				CLANG_WARN_UNREACHABLE_CODE = YES;
				CLANG_WARN__DUPLICATE_METHOD_MATCH = YES;
				CODE_SIGN_IDENTITY = "iPhone Developer";
				COPY_PHASE_STRIP = NO;
				DEBUG_INFORMATION_FORMAT = "dwarf-with-dsym";
				ENABLE_NS_ASSERTIONS = NO;
				ENABLE_STRICT_OBJC_MSGSEND = YES;
				GCC_C_LANGUAGE_STANDARD = gnu11;
				GCC_NO_COMMON_BLOCKS = YES;
				GCC_WARN_64_TO_32_BIT_CONVERSION = YES;
				GCC_WARN_ABOUT_RETURN_TYPE = YES_ERROR;
				GCC_WARN_UNDECLARED_SELECTOR = YES;
				GCC_WARN_UNINITIALIZED_AUTOS = YES_AGGRESSIVE;
				GCC_WARN_UNUSED_FUNCTION = YES;
				GCC_WARN_UNUSED_VARIABLE = YES;
				IPHONEOS_DEPLOYMENT_TARGET = 12.4;
				MTL_ENABLE_DEBUG_INFO = NO;
				MTL_FAST_MATH = YES;
				SDKROOT = iphoneos;
				SWIFT_COMPILATION_MODE = wholemodule;
				SWIFT_OPTIMIZATION_LEVEL = "-O";
				VALIDATE_PRODUCT = YES;
			};
			name = Release;
		};
		F5DA9118235CCE080058B121 /* Debug */ = {
			isa = XCBuildConfiguration;
			buildSettings = {
				ASSETCATALOG_COMPILER_APPICON_NAME = AppIcon;
				CODE_SIGN_STYLE = Automatic;
				INFOPLIST_FILE = "Foody Bite/Info.plist";
				LD_RUNPATH_SEARCH_PATHS = (
					"$(inherited)",
					"@executable_path/Frameworks",
				);
				PRODUCT_BUNDLE_IDENTIFIER = "com.nguyentran.Foody-Bite";
				PRODUCT_NAME = "$(TARGET_NAME)";
				SWIFT_VERSION = 5.0;
				TARGETED_DEVICE_FAMILY = "1,2";
			};
			name = Debug;
		};
		F5DA9119235CCE080058B121 /* Release */ = {
			isa = XCBuildConfiguration;
			buildSettings = {
				ASSETCATALOG_COMPILER_APPICON_NAME = AppIcon;
				CODE_SIGN_STYLE = Automatic;
				INFOPLIST_FILE = "Foody Bite/Info.plist";
				LD_RUNPATH_SEARCH_PATHS = (
					"$(inherited)",
					"@executable_path/Frameworks",
				);
				PRODUCT_BUNDLE_IDENTIFIER = "com.nguyentran.Foody-Bite";
				PRODUCT_NAME = "$(TARGET_NAME)";
				SWIFT_VERSION = 5.0;
				TARGETED_DEVICE_FAMILY = "1,2";
			};
			name = Release;
		};
		F5DA911B235CCE080058B121 /* Debug */ = {
			isa = XCBuildConfiguration;
			buildSettings = {
				ALWAYS_EMBED_SWIFT_STANDARD_LIBRARIES = YES;
				BUNDLE_LOADER = "$(TEST_HOST)";
				CODE_SIGN_STYLE = Automatic;
				INFOPLIST_FILE = "Foody BiteTests/Info.plist";
				LD_RUNPATH_SEARCH_PATHS = (
					"$(inherited)",
					"@executable_path/Frameworks",
					"@loader_path/Frameworks",
				);
				PRODUCT_BUNDLE_IDENTIFIER = "com.nguyentran.Foody-BiteTests";
				PRODUCT_NAME = "$(TARGET_NAME)";
				SWIFT_VERSION = 5.0;
				TARGETED_DEVICE_FAMILY = "1,2";
				TEST_HOST = "$(BUILT_PRODUCTS_DIR)/Foody Bite.app/Foody Bite";
			};
			name = Debug;
		};
		F5DA911C235CCE080058B121 /* Release */ = {
			isa = XCBuildConfiguration;
			buildSettings = {
				ALWAYS_EMBED_SWIFT_STANDARD_LIBRARIES = YES;
				BUNDLE_LOADER = "$(TEST_HOST)";
				CODE_SIGN_STYLE = Automatic;
				INFOPLIST_FILE = "Foody BiteTests/Info.plist";
				LD_RUNPATH_SEARCH_PATHS = (
					"$(inherited)",
					"@executable_path/Frameworks",
					"@loader_path/Frameworks",
				);
				PRODUCT_BUNDLE_IDENTIFIER = "com.nguyentran.Foody-BiteTests";
				PRODUCT_NAME = "$(TARGET_NAME)";
				SWIFT_VERSION = 5.0;
				TARGETED_DEVICE_FAMILY = "1,2";
				TEST_HOST = "$(BUILT_PRODUCTS_DIR)/Foody Bite.app/Foody Bite";
			};
			name = Release;
		};
		F5DA911E235CCE080058B121 /* Debug */ = {
			isa = XCBuildConfiguration;
			buildSettings = {
				ALWAYS_EMBED_SWIFT_STANDARD_LIBRARIES = YES;
				CODE_SIGN_STYLE = Automatic;
				INFOPLIST_FILE = "Foody BiteUITests/Info.plist";
				LD_RUNPATH_SEARCH_PATHS = (
					"$(inherited)",
					"@executable_path/Frameworks",
					"@loader_path/Frameworks",
				);
				PRODUCT_BUNDLE_IDENTIFIER = "com.nguyentran.Foody-BiteUITests";
				PRODUCT_NAME = "$(TARGET_NAME)";
				SWIFT_VERSION = 5.0;
				TARGETED_DEVICE_FAMILY = "1,2";
				TEST_TARGET_NAME = "Foody Bite";
			};
			name = Debug;
		};
		F5DA911F235CCE080058B121 /* Release */ = {
			isa = XCBuildConfiguration;
			buildSettings = {
				ALWAYS_EMBED_SWIFT_STANDARD_LIBRARIES = YES;
				CODE_SIGN_STYLE = Automatic;
				INFOPLIST_FILE = "Foody BiteUITests/Info.plist";
				LD_RUNPATH_SEARCH_PATHS = (
					"$(inherited)",
					"@executable_path/Frameworks",
					"@loader_path/Frameworks",
				);
				PRODUCT_BUNDLE_IDENTIFIER = "com.nguyentran.Foody-BiteUITests";
				PRODUCT_NAME = "$(TARGET_NAME)";
				SWIFT_VERSION = 5.0;
				TARGETED_DEVICE_FAMILY = "1,2";
				TEST_TARGET_NAME = "Foody Bite";
			};
			name = Release;
		};
/* End XCBuildConfiguration section */

/* Begin XCConfigurationList section */
		F5DA90EA235CCE060058B121 /* Build configuration list for PBXProject "Foody Bite" */ = {
			isa = XCConfigurationList;
			buildConfigurations = (
				F5DA9115235CCE080058B121 /* Debug */,
				F5DA9116235CCE080058B121 /* Release */,
			);
			defaultConfigurationIsVisible = 0;
			defaultConfigurationName = Release;
		};
		F5DA9117235CCE080058B121 /* Build configuration list for PBXNativeTarget "Foody Bite" */ = {
			isa = XCConfigurationList;
			buildConfigurations = (
				F5DA9118235CCE080058B121 /* Debug */,
				F5DA9119235CCE080058B121 /* Release */,
			);
			defaultConfigurationIsVisible = 0;
			defaultConfigurationName = Release;
		};
		F5DA911A235CCE080058B121 /* Build configuration list for PBXNativeTarget "Foody BiteTests" */ = {
			isa = XCConfigurationList;
			buildConfigurations = (
				F5DA911B235CCE080058B121 /* Debug */,
				F5DA911C235CCE080058B121 /* Release */,
			);
			defaultConfigurationIsVisible = 0;
			defaultConfigurationName = Release;
		};
		F5DA911D235CCE080058B121 /* Build configuration list for PBXNativeTarget "Foody BiteUITests" */ = {
			isa = XCConfigurationList;
			buildConfigurations = (
				F5DA911E235CCE080058B121 /* Debug */,
				F5DA911F235CCE080058B121 /* Release */,
			);
			defaultConfigurationIsVisible = 0;
			defaultConfigurationName = Release;
		};
/* End XCConfigurationList section */
	};
	rootObject = F5DA90E7235CCE060058B121 /* Project object */;
}
